# THIS IS AN AUTOGENERATED FILE. DO NOT EDIT THIS FILE DIRECTLY.
# yarn lockfile v1


"@cloudflare/workers-types@^2.2.2":
  version "2.2.2"
  resolved "https://registry.npmjs.org/@cloudflare/workers-types/-/workers-types-2.2.2.tgz"
  integrity sha512-kaMn2rueJ0PL1TYVGknTCh0X0x0d9G+FNXAFep7/4uqecEZoQb/63o6rOmMuiqI09zLuHV6xhKRXinokV/MY9A==

"@esbuild-plugins/node-modules-polyfill@^0.1.2":
  version "0.1.2"
  resolved "https://registry.yarnpkg.com/@esbuild-plugins/node-modules-polyfill/-/node-modules-polyfill-0.1.2.tgz#8354f927178fffdd4962259010f9df9f6078b3a0"
  integrity sha512-9FaKBhzZEUdGF4V4IIAkgGyGkGIggHidxli34b7M6ZsD8EEugcWmgvXYJsfhkq4TYX56S4ADqWUcqU1ngm5Ikw==
  dependencies:
    escape-string-regexp "^4.0.0"
    rollup-plugin-node-polyfills "^0.2.1"

"@prisma/client@3.4.1":
  version "3.4.1"
  resolved "https://registry.yarnpkg.com/@prisma/client/-/client-3.4.1.tgz#046974f6a27c6930d6858f22fc50841d6219f191"
  integrity sha512-tUlPSyGiZfmt9xTtvZK8d8cqu76QLCM+rFt7+ezpau/G0VwzetuGVmT28c61Eaw7OW2KmsTHRk8LUxI7HZS3kA==
  dependencies:
    "@prisma/engines-version" "3.4.1-2.57771c0558568c7d08bd34c7248af5244ae16bd9"

"@prisma/engines-version@3.4.1-2.57771c0558568c7d08bd34c7248af5244ae16bd9":
  version "3.4.1-2.57771c0558568c7d08bd34c7248af5244ae16bd9"
  resolved "https://registry.yarnpkg.com/@prisma/engines-version/-/engines-version-3.4.1-2.57771c0558568c7d08bd34c7248af5244ae16bd9.tgz#ad922c461baea416ec26ad33a144c70ae7e997d4"
  integrity sha512-H8bnBT5jLap+0nULBAGjf+xb5XNn4d60U4J9cck+UanyEkeMS3aYCeHvNiQl46XwvN60jkUX8BwV3NOEmPh0SQ==

"@prisma/engines@3.4.1-2.57771c0558568c7d08bd34c7248af5244ae16bd9":
  version "3.4.1-2.57771c0558568c7d08bd34c7248af5244ae16bd9"
  resolved "https://registry.yarnpkg.com/@prisma/engines/-/engines-3.4.1-2.57771c0558568c7d08bd34c7248af5244ae16bd9.tgz#8e5534bfe255210c29b5181f694c9acd32d558c2"
  integrity sha512-NO4Q88k3CfUpYzfpDD+0wSVCqhaeljCFAGSe1XyvmXAOlMU2AAjCwmRn6S4UXlT9yEGB/LwFjdvGjcgfUQ+Mtw==

esbuild-plugin-alias@^0.2.0:
  version "0.2.0"
  resolved "https://registry.yarnpkg.com/esbuild-plugin-alias/-/esbuild-plugin-alias-0.2.0.tgz#941b7bf60d4f861e38d2b54e2a830aeb9cb411ac"
  integrity sha512-biAUOtI9cinWE1ZeO7xyoSEJDb3cTTljLtLZEJJ8sZAe3wLWICrvkyG0zejT7e36S2jQywC0JL067tvCi/fxVw==

esbuild@^0.12.9:
  version "0.12.9"
  resolved "https://registry.npmjs.org/esbuild/-/esbuild-0.12.9.tgz"
  integrity sha512-MWRhAbMOJ9RJygCrt778rz/qNYgA4ZVj6aXnNPxFjs7PmIpb0fuB9Gmg5uWrr6n++XKwwm/RmSz6RR5JL2Ocsw==

escape-string-regexp@^4.0.0:
  version "4.0.0"
  resolved "https://registry.yarnpkg.com/escape-string-regexp/-/escape-string-regexp-4.0.0.tgz#14ba83a5d373e3d311e5afca29cf5bfad965bf34"
  integrity sha512-TtpcNJ3XAzx3Gq8sWRzJaVajRs0uVxA2YAkdb1jm2YkPz4G6egUFAyA3n5vtEIZefPk5Wa4UXbKuS5fKkJWdgA==

estree-walker@^0.6.1:
  version "0.6.1"
  resolved "https://registry.yarnpkg.com/estree-walker/-/estree-walker-0.6.1.tgz#53049143f40c6eb918b23671d1fe3219f3a1b362"
  integrity sha512-SqmZANLWS0mnatqbSfRP5g8OXZC12Fgg1IwNtLsyHDzJizORW4khDfjPqJZsemPWBB2uqykUah5YpQ6epsqC/w==

magic-string@^0.25.3:
  version "0.25.7"
  resolved "https://registry.yarnpkg.com/magic-string/-/magic-string-0.25.7.tgz#3f497d6fd34c669c6798dcb821f2ef31f5445051"
  integrity sha512-4CrMT5DOHTDk4HYDlzmwu4FVCcIYI8gauveasrdCu2IKIFOJ3f0v/8MDGJCDL9oD2ppz/Av1b0Nj345H9M+XIA==
  dependencies:
    sourcemap-codec "^1.4.4"

prettier@^2.4.1:
  version "2.4.1"
  resolved "https://registry.yarnpkg.com/prettier/-/prettier-2.4.1.tgz#671e11c89c14a4cfc876ce564106c4a6726c9f5c"
  integrity sha512-9fbDAXSBcc6Bs1mZrDYb3XKzDLm4EXXL9sC1LqKP5rZkT6KRr/rf9amVUcODVXgguK/isJz0d0hP72WeaKWsvA==

prisma@3.4.1:
  version "3.4.1"
  resolved "https://registry.yarnpkg.com/prisma/-/prisma-3.4.1.tgz#a6c406301e67716009dcbdedc09a1c9bf7bd3b2d"
  integrity sha512-APws/xRa1wYd064KV7hByQzWiBMUy/yQ501XXrsRZegXAQ/j1obG2HCk34MEbgn8IqLSRLaXyhCYz4R4HwRmMQ==
  dependencies:
    "@prisma/engines" "3.4.1-2.57771c0558568c7d08bd34c7248af5244ae16bd9"

regexparam@^2.0.0:
  version "2.0.0"
  resolved "https://registry.npmjs.org/regexparam/-/regexparam-2.0.0.tgz"
  integrity sha512-gJKwd2MVPWHAIFLsaYDZfyKzHNS4o7E/v8YmNf44vmeV2e4YfVoDToTOKTvE7ab68cRJ++kLuEXJBaEeJVt5ow==

rollup-plugin-inject@^3.0.0:
  version "3.0.2"
  resolved "https://registry.yarnpkg.com/rollup-plugin-inject/-/rollup-plugin-inject-3.0.2.tgz#e4233855bfba6c0c12a312fd6649dff9a13ee9f4"
  integrity sha512-ptg9PQwzs3orn4jkgXJ74bfs5vYz1NCZlSQMBUA0wKcGp5i5pA1AO3fOUEte8enhGUC+iapTCzEWw2jEFFUO/w==
  dependencies:
    estree-walker "^0.6.1"
    magic-string "^0.25.3"
    rollup-pluginutils "^2.8.1"

rollup-plugin-node-polyfills@^0.2.1:
  version "0.2.1"
  resolved "https://registry.yarnpkg.com/rollup-plugin-node-polyfills/-/rollup-plugin-node-polyfills-0.2.1.tgz#53092a2744837164d5b8a28812ba5f3ff61109fd"
  integrity sha512-4kCrKPTJ6sK4/gLL/U5QzVT8cxJcofO0OU74tnB19F40cmuAKSzH5/siithxlofFEjwvw1YAhPmbvGNA6jEroA==
  dependencies:
    rollup-plugin-inject "^3.0.0"

rollup-pluginutils@^2.8.1:
  version "2.8.2"
  resolved "https://registry.yarnpkg.com/rollup-pluginutils/-/rollup-pluginutils-2.8.2.tgz#72f2af0748b592364dbd3389e600e5a9444a351e"
  integrity sha512-EEp9NhnUkwY8aif6bxgovPHMoMoNr2FulJziTndpt5H9RdwC47GSGuII9XxpSdzVGM0GWrNPHV6ie1LTNJPaLQ==
  dependencies:
    estree-walker "^0.6.1"

sourcemap-codec@^1.4.4:
  version "1.4.8"
  resolved "https://registry.yarnpkg.com/sourcemap-codec/-/sourcemap-codec-1.4.8.tgz#ea804bd94857402e6992d05a38ef1ae35a9ab4c4"
  integrity sha512-9NykojV5Uih4lgo5So5dtw+f0JgJX30KCNI8gwhz2J9A15wD0Ml6tjHKwf6fTSa6fAdVBdZeNOs9eJ71qCk8vA==

typescript@^4.3.4:
  version "4.3.4"
  resolved "https://registry.npmjs.org/typescript/-/typescript-4.3.4.tgz"
  integrity sha512-uauPG7XZn9F/mo+7MrsRjyvbxFpzemRjKEZXS4AK83oP2KKOJPvb+9cO/gmnv8arWZvhnjVOXz7B49m1l0e9Ew==

worktop@^0.7.0:
  version "0.7.0"
  resolved "https://registry.npmjs.org/worktop/-/worktop-0.7.0.tgz"
  integrity sha512-kLLov4ChDvC9OhSDHYX5kWEoo1zt3OZWykXkpmTHsfZ1axFfSRDeD/vZcEKLOngGRMFR7PuYaf4Q94fNFkMeIQ==
  dependencies:
    regexparam "^2.0.0"
